// !$*UTF8*$!
{
	archiveVersion = 1;
	classes = {
	};
	objectVersion = 50;
	objects = {

/* Begin PBXBuildFile section */
		8C2113A7237A47EF00D233EB /* Person+Test.m in Sources */ = {isa = PBXBuildFile; fileRef = 8C2113A0237A47EE00D233EB /* Person+Test.m */; };
		8C2113A9237A47EF00D233EB /* Person.m in Sources */ = {isa = PBXBuildFile; fileRef = 8C2113A5237A47EF00D233EB /* Person.m */; };
		8C2113AA237A47EF00D233EB /* Person+Eat.m in Sources */ = {isa = PBXBuildFile; fileRef = 8C2113A6237A47EF00D233EB /* Person+Eat.m */; };
		8C47200A237995FD00980052 /* AppDelegate.m in Sources */ = {isa = PBXBuildFile; fileRef = 8C472009237995FD00980052 /* AppDelegate.m */; };
		8C47200D237995FD00980052 /* SceneDelegate.m in Sources */ = {isa = PBXBuildFile; fileRef = 8C47200C237995FD00980052 /* SceneDelegate.m */; };
		8C472010237995FD00980052 /* ViewController.m in Sources */ = {isa = PBXBuildFile; fileRef = 8C47200F237995FD00980052 /* ViewController.m */; };
		8C472013237995FD00980052 /* Main.storyboard in Resources */ = {isa = PBXBuildFile; fileRef = 8C472011237995FD00980052 /* Main.storyboard */; };
		8C472015237995FF00980052 /* Assets.xcassets in Resources */ = {isa = PBXBuildFile; fileRef = 8C472014237995FF00980052 /* Assets.xcassets */; };
		8C472018237995FF00980052 /* LaunchScreen.storyboard in Resources */ = {isa = PBXBuildFile; fileRef = 8C472016237995FF00980052 /* LaunchScreen.storyboard */; };
		8C47201B237995FF00980052 /* main.m in Sources */ = {isa = PBXBuildFile; fileRef = 8C47201A237995FF00980052 /* main.m */; };
		8C472025237995FF00980052 /* CategoryDemoTests.m in Sources */ = {isa = PBXBuildFile; fileRef = 8C472024237995FF00980052 /* CategoryDemoTests.m */; };
		8C472030237995FF00980052 /* CategoryDemoUITests.m in Sources */ = {isa = PBXBuildFile; fileRef = 8C47202F237995FF00980052 /* CategoryDemoUITests.m */; };
/* End PBXBuildFile section */

/* Begin PBXContainerItemProxy section */
		8C472021237995FF00980052 /* PBXContainerItemProxy */ = {
			isa = PBXContainerItemProxy;
			containerPortal = 8C471FFD237995FD00980052 /* Project object */;
			proxyType = 1;
			remoteGlobalIDString = 8C472004237995FD00980052;
			remoteInfo = CategoryDemo;
		};
		8C47202C237995FF00980052 /* PBXContainerItemProxy */ = {
			isa = PBXContainerItemProxy;
			containerPortal = 8C471FFD237995FD00980052 /* Project object */;
			proxyType = 1;
			remoteGlobalIDString = 8C472004237995FD00980052;
			remoteInfo = CategoryDemo;
		};
/* End PBXContainerItemProxy section */

/* Begin PBXFileReference section */
		8C2113A0237A47EE00D233EB /* Person+Test.m */ = {isa = PBXFileReference; fileEncoding = 4; lastKnownFileType = sourcecode.c.objc; path = "Person+Test.m"; sourceTree = "<group>"; };
		8C2113A1237A47EE00D233EB /* Person+Test.h */ = {isa = PBXFileReference; fileEncoding = 4; lastKnownFileType = sourcecode.c.h; path = "Person+Test.h"; sourceTree = "<group>"; };
		8C2113A2237A47EE00D233EB /* Person.h */ = {isa = PBXFileReference; fileEncoding = 4; lastKnownFileType = sourcecode.c.h; path = Person.h; sourceTree = "<group>"; };
		8C2113A3237A47EF00D233EB /* Person+Eat.cpp */ = {isa = PBXFileReference; fileEncoding = 4; lastKnownFileType = sourcecode.cpp.cpp; path = "Person+Eat.cpp"; sourceTree = "<group>"; };
		8C2113A4237A47EF00D233EB /* Person+Eat.h */ = {isa = PBXFileReference; fileEncoding = 4; lastKnownFileType = sourcecode.c.h; path = "Person+Eat.h"; sourceTree = "<group>"; };
		8C2113A5237A47EF00D233EB /* Person.m */ = {isa = PBXFileReference; fileEncoding = 4; lastKnownFileType = sourcecode.c.objc; path = Person.m; sourceTree = "<group>"; };
		8C2113A6237A47EF00D233EB /* Person+Eat.m */ = {isa = PBXFileReference; fileEncoding = 4; lastKnownFileType = sourcecode.c.objc; path = "Person+Eat.m"; sourceTree = "<group>"; };
		8C472005237995FD00980052 /* CategoryDemo.app */ = {isa = PBXFileReference; explicitFileType = wrapper.application; includeInIndex = 0; path = CategoryDemo.app; sourceTree = BUILT_PRODUCTS_DIR; };
		8C472008237995FD00980052 /* AppDelegate.h */ = {isa = PBXFileReference; lastKnownFileType = sourcecode.c.h; path = AppDelegate.h; sourceTree = "<group>"; };
		8C472009237995FD00980052 /* AppDelegate.m */ = {isa = PBXFileReference; lastKnownFileType = sourcecode.c.objc; path = AppDelegate.m; sourceTree = "<group>"; };
		8C47200B237995FD00980052 /* SceneDelegate.h */ = {isa = PBXFileReference; lastKnownFileType = sourcecode.c.h; path = SceneDelegate.h; sourceTree = "<group>"; };
		8C47200C237995FD00980052 /* SceneDelegate.m */ = {isa = PBXFileReference; lastKnownFileType = sourcecode.c.objc; path = SceneDelegate.m; sourceTree = "<group>"; };
		8C47200E237995FD00980052 /* ViewController.h */ = {isa = PBXFileReference; lastKnownFileType = sourcecode.c.h; path = ViewController.h; sourceTree = "<group>"; };
		8C47200F237995FD00980052 /* ViewController.m */ = {isa = PBXFileReference; lastKnownFileType = sourcecode.c.objc; path = ViewController.m; sourceTree = "<group>"; };
		8C472012237995FD00980052 /* Base */ = {isa = PBXFileReference; lastKnownFileType = file.storyboard; name = Base; path = Base.lproj/Main.storyboard; sourceTree = "<group>"; };
		8C472014237995FF00980052 /* Assets.xcassets */ = {isa = PBXFileReference; lastKnownFileType = folder.assetcatalog; path = Assets.xcassets; sourceTree = "<group>"; };
		8C472017237995FF00980052 /* Base */ = {isa = PBXFileReference; lastKnownFileType = file.storyboard; name = Base; path = Base.lproj/LaunchScreen.storyboard; sourceTree = "<group>"; };
		8C472019237995FF00980052 /* Info.plist */ = {isa = PBXFileReference; lastKnownFileType = text.plist.xml; path = Info.plist; sourceTree = "<group>"; };
		8C47201A237995FF00980052 /* main.m */ = {isa = PBXFileReference; lastKnownFileType = sourcecode.c.objc; path = main.m; sourceTree = "<group>"; };
		8C472020237995FF00980052 /* CategoryDemoTests.xctest */ = {isa = PBXFileReference; explicitFileType = wrapper.cfbundle; includeInIndex = 0; path = CategoryDemoTests.xctest; sourceTree = BUILT_PRODUCTS_DIR; };
		8C472024237995FF00980052 /* CategoryDemoTests.m */ = {isa = PBXFileReference; lastKnownFileType = sourcecode.c.objc; path = CategoryDemoTests.m; sourceTree = "<group>"; };
		8C472026237995FF00980052 /* Info.plist */ = {isa = PBXFileReference; lastKnownFileType = text.plist.xml; path = Info.plist; sourceTree = "<group>"; };
		8C47202B237995FF00980052 /* CategoryDemoUITests.xctest */ = {isa = PBXFileReference; explicitFileType = wrapper.cfbundle; includeInIndex = 0; path = CategoryDemoUITests.xctest; sourceTree = BUILT_PRODUCTS_DIR; };
		8C47202F237995FF00980052 /* CategoryDemoUITests.m */ = {isa = PBXFileReference; lastKnownFileType = sourcecode.c.objc; path = CategoryDemoUITests.m; sourceTree = "<group>"; };
		8C472031237995FF00980052 /* Info.plist */ = {isa = PBXFileReference; lastKnownFileType = text.plist.xml; path = Info.plist; sourceTree = "<group>"; };
/* End PBXFileReference section */

/* Begin PBXFrameworksBuildPhase section */
		8C472002237995FD00980052 /* Frameworks */ = {
			isa = PBXFrameworksBuildPhase;
			buildActionMask = 2147483647;
			files = (
			);
			runOnlyForDeploymentPostprocessing = 0;
		};
		8C47201D237995FF00980052 /* Frameworks */ = {
			isa = PBXFrameworksBuildPhase;
			buildActionMask = 2147483647;
			files = (
			);
			runOnlyForDeploymentPostprocessing = 0;
		};
		8C472028237995FF00980052 /* Frameworks */ = {
			isa = PBXFrameworksBuildPhase;
			buildActionMask = 2147483647;
			files = (
			);
			runOnlyForDeploymentPostprocessing = 0;
		};
/* End PBXFrameworksBuildPhase section */

/* Begin PBXGroup section */
		8C471FFC237995FD00980052 = {
			isa = PBXGroup;
			children = (
				8C472007237995FD00980052 /* CategoryDemo */,
				8C472023237995FF00980052 /* CategoryDemoTests */,
				8C47202E237995FF00980052 /* CategoryDemoUITests */,
				8C472006237995FD00980052 /* Products */,
			);
			sourceTree = "<group>";
		};
		8C472006237995FD00980052 /* Products */ = {
			isa = PBXGroup;
			children = (
				8C472005237995FD00980052 /* CategoryDemo.app */,
				8C472020237995FF00980052 /* CategoryDemoTests.xctest */,
				8C47202B237995FF00980052 /* CategoryDemoUITests.xctest */,
			);
			name = Products;
			sourceTree = "<group>";
		};
		8C472007237995FD00980052 /* CategoryDemo */ = {
			isa = PBXGroup;
			children = (
				8C2113A2237A47EE00D233EB /* Person.h */,
				8C2113A5237A47EF00D233EB /* Person.m */,
				8C2113A3237A47EF00D233EB /* Person+Eat.cpp */,
				8C2113A4237A47EF00D233EB /* Person+Eat.h */,
				8C2113A6237A47EF00D233EB /* Person+Eat.m */,
				8C2113A1237A47EE00D233EB /* Person+Test.h */,
				8C2113A0237A47EE00D233EB /* Person+Test.m */,
				8C472008237995FD00980052 /* AppDelegate.h */,
				8C472009237995FD00980052 /* AppDelegate.m */,
				8C47200B237995FD00980052 /* SceneDelegate.h */,
				8C47200C237995FD00980052 /* SceneDelegate.m */,
				8C47200E237995FD00980052 /* ViewController.h */,
				8C47200F237995FD00980052 /* ViewController.m */,
				8C472011237995FD00980052 /* Main.storyboard */,
				8C472014237995FF00980052 /* Assets.xcassets */,
				8C472016237995FF00980052 /* LaunchScreen.storyboard */,
				8C472019237995FF00980052 /* Info.plist */,
				8C47201A237995FF00980052 /* main.m */,
			);
			path = CategoryDemo;
			sourceTree = "<group>";
		};
		8C472023237995FF00980052 /* CategoryDemoTests */ = {
			isa = PBXGroup;
			children = (
				8C472024237995FF00980052 /* CategoryDemoTests.m */,
				8C472026237995FF00980052 /* Info.plist */,
			);
			path = CategoryDemoTests;
			sourceTree = "<group>";
		};
		8C47202E237995FF00980052 /* CategoryDemoUITests */ = {
			isa = PBXGroup;
			children = (
				8C47202F237995FF00980052 /* CategoryDemoUITests.m */,
				8C472031237995FF00980052 /* Info.plist */,
			);
			path = CategoryDemoUITests;
			sourceTree = "<group>";
		};
/* End PBXGroup section */

/* Begin PBXNativeTarget section */
		8C472004237995FD00980052 /* CategoryDemo */ = {
			isa = PBXNativeTarget;
			buildConfigurationList = 8C472034237995FF00980052 /* Build configuration list for PBXNativeTarget "CategoryDemo" */;
			buildPhases = (
				8C472001237995FD00980052 /* Sources */,
				8C472002237995FD00980052 /* Frameworks */,
				8C472003237995FD00980052 /* Resources */,
			);
			buildRules = (
			);
			dependencies = (
			);
			name = CategoryDemo;
			productName = CategoryDemo;
			productReference = 8C472005237995FD00980052 /* CategoryDemo.app */;
			productType = "com.apple.product-type.application";
		};
		8C47201F237995FF00980052 /* CategoryDemoTests */ = {
			isa = PBXNativeTarget;
			buildConfigurationList = 8C472037237995FF00980052 /* Build configuration list for PBXNativeTarget "CategoryDemoTests" */;
			buildPhases = (
				8C47201C237995FF00980052 /* Sources */,
				8C47201D237995FF00980052 /* Frameworks */,
				8C47201E237995FF00980052 /* Resources */,
			);
			buildRules = (
			);
			dependencies = (
				8C472022237995FF00980052 /* PBXTargetDependency */,
			);
			name = CategoryDemoTests;
			productName = CategoryDemoTests;
			productReference = 8C472020237995FF00980052 /* CategoryDemoTests.xctest */;
			productType = "com.apple.product-type.bundle.unit-test";
		};
		8C47202A237995FF00980052 /* CategoryDemoUITests */ = {
			isa = PBXNativeTarget;
			buildConfigurationList = 8C47203A237995FF00980052 /* Build configuration list for PBXNativeTarget "CategoryDemoUITests" */;
			buildPhases = (
				8C472027237995FF00980052 /* Sources */,
				8C472028237995FF00980052 /* Frameworks */,
				8C472029237995FF00980052 /* Resources */,
			);
			buildRules = (
			);
			dependencies = (
				8C47202D237995FF00980052 /* PBXTargetDependency */,
			);
			name = CategoryDemoUITests;
			productName = CategoryDemoUITests;
			productReference = 8C47202B237995FF00980052 /* CategoryDemoUITests.xctest */;
			productType = "com.apple.product-type.bundle.ui-testing";
		};
/* End PBXNativeTarget section */

/* Begin PBXProject section */
		8C471FFD237995FD00980052 /* Project object */ = {
			isa = PBXProject;
			attributes = {
				LastUpgradeCheck = 1110;
				ORGANIZATIONNAME = Jentle;
				TargetAttributes = {
					8C472004237995FD00980052 = {
						CreatedOnToolsVersion = 11.1;
					};
					8C47201F237995FF00980052 = {
						CreatedOnToolsVersion = 11.1;
						TestTargetID = 8C472004237995FD00980052;
					};
					8C47202A237995FF00980052 = {
						CreatedOnToolsVersion = 11.1;
						TestTargetID = 8C472004237995FD00980052;
					};
				};
			};
			buildConfigurationList = 8C472000237995FD00980052 /* Build configuration list for PBXProject "CategoryDemo" */;
			compatibilityVersion = "Xcode 9.3";
			developmentRegion = en;
			hasScannedForEncodings = 0;
			knownRegions = (
				en,
				Base,
			);
			mainGroup = 8C471FFC237995FD00980052;
			productRefGroup = 8C472006237995FD00980052 /* Products */;
			projectDirPath = "";
			projectRoot = "";
			targets = (
				8C472004237995FD00980052 /* CategoryDemo */,
				8C47201F237995FF00980052 /* CategoryDemoTests */,
				8C47202A237995FF00980052 /* CategoryDemoUITests */,
			);
		};
/* End PBXProject section */

/* Begin PBXResourcesBuildPhase section */
		8C472003237995FD00980052 /* Resources */ = {
			isa = PBXResourcesBuildPhase;
			buildActionMask = 2147483647;
			files = (
				8C472018237995FF00980052 /* LaunchScreen.storyboard in Resources */,
				8C472015237995FF00980052 /* Assets.xcassets in Resources */,
				8C472013237995FD00980052 /* Main.storyboard in Resources */,
			);
			runOnlyForDeploymentPostprocessing = 0;
		};
		8C47201E237995FF00980052 /* Resources */ = {
			isa = PBXResourcesBuildPhase;
			buildActionMask = 2147483647;
			files = (
			);
			runOnlyForDeploymentPostprocessing = 0;
		};
		8C472029237995FF00980052 /* Resources */ = {
			isa = PBXResourcesBuildPhase;
			buildActionMask = 2147483647;
			files = (
			);
			runOnlyForDeploymentPostprocessing = 0;
		};
/* End PBXResourcesBuildPhase section */

/* Begin PBXSourcesBuildPhase section */
		8C472001237995FD00980052 /* Sources */ = {
			isa = PBXSourcesBuildPhase;
			buildActionMask = 2147483647;
			files = (
				8C2113A7237A47EF00D233EB /* Person+Test.m in Sources */,
				8C2113A9237A47EF00D233EB /* Person.m in Sources */,
				8C2113AA237A47EF00D233EB /* Person+Eat.m in Sources */,
				8C472010237995FD00980052 /* ViewController.m in Sources */,
				8C47200A237995FD00980052 /* AppDelegate.m in Sources */,
				8C47201B237995FF00980052 /* main.m in Sources */,
				8C47200D237995FD00980052 /* SceneDelegate.m in Sources */,
			);
			runOnlyForDeploymentPostprocessing = 0;
		};
		8C47201C237995FF00980052 /* Sources */ = {
			isa = PBXSourcesBuildPhase;
			buildActionMask = 2147483647;
			files = (
				8C472025237995FF00980052 /* CategoryDemoTests.m in Sources */,
			);
			runOnlyForDeploymentPostprocessing = 0;
		};
		8C472027237995FF00980052 /* Sources */ = {
			isa = PBXSourcesBuildPhase;
			buildActionMask = 2147483647;
			files = (
				8C472030237995FF00980052 /* CategoryDemoUITests.m in Sources */,
			);
			runOnlyForDeploymentPostprocessing = 0;
		};
/* End PBXSourcesBuildPhase section */

/* Begin PBXTargetDependency section */
		8C472022237995FF00980052 /* PBXTargetDependency */ = {
			isa = PBXTargetDependency;
			target = 8C472004237995FD00980052 /* CategoryDemo */;
			targetProxy = 8C472021237995FF00980052 /* PBXContainerItemProxy */;
		};
		8C47202D237995FF00980052 /* PBXTargetDependency */ = {
			isa = PBXTargetDependency;
			target = 8C472004237995FD00980052 /* CategoryDemo */;
			targetProxy = 8C47202C237995FF00980052 /* PBXContainerItemProxy */;
		};
/* End PBXTargetDependency section */

/* Begin PBXVariantGroup section */
		8C472011237995FD00980052 /* Main.storyboard */ = {
			isa = PBXVariantGroup;
			children = (
				8C472012237995FD00980052 /* Base */,
			);
			name = Main.storyboard;
			sourceTree = "<group>";
		};
		8C472016237995FF00980052 /* LaunchScreen.storyboard */ = {
			isa = PBXVariantGroup;
			children = (
				8C472017237995FF00980052 /* Base */,
			);
			name = LaunchScreen.storyboard;
			sourceTree = "<group>";
		};
/* End PBXVariantGroup section */

/* Begin XCBuildConfiguration section */
		8C472032237995FF00980052 /* Debug */ = {
			isa = XCBuildConfiguration;
			buildSettings = {
				ALWAYS_SEARCH_USER_PATHS = NO;
				CLANG_ANALYZER_NONNULL = YES;
				CLANG_ANALYZER_NUMBER_OBJECT_CONVERSION = YES_AGGRESSIVE;
				CLANG_CXX_LANGUAGE_STANDARD = "gnu++14";
				CLANG_CXX_LIBRARY = "libc++";
				CLANG_ENABLE_MODULES = YES;
				CLANG_ENABLE_OBJC_ARC = YES;
				CLANG_ENABLE_OBJC_WEAK = YES;
				CLANG_WARN_BLOCK_CAPTURE_AUTORELEASING = YES;
				CLANG_WARN_BOOL_CONVERSION = YES;
				CLANG_WARN_COMMA = YES;
				CLANG_WARN_CONSTANT_CONVERSION = YES;
				CLANG_WARN_DEPRECATED_OBJC_IMPLEMENTATIONS = YES;
				CLANG_WARN_DIRECT_OBJC_ISA_USAGE = YES_ERROR;
				CLANG_WARN_DOCUMENTATION_COMMENTS = YES;
				CLANG_WARN_EMPTY_BODY = YES;
				CLANG_WARN_ENUM_CONVERSION = YES;
				CLANG_WARN_INFINITE_RECURSION = YES;
				CLANG_WARN_INT_CONVERSION = YES;
				CLANG_WARN_NON_LITERAL_NULL_CONVERSION = YES;
				CLANG_WARN_OBJC_IMPLICIT_RETAIN_SELF = YES;
				CLANG_WARN_OBJC_LITERAL_CONVERSION = YES;
				CLANG_WARN_OBJC_ROOT_CLASS = YES_ERROR;
				CLANG_WARN_RANGE_LOOP_ANALYSIS = YES;
				CLANG_WARN_STRICT_PROTOTYPES = YES;
				CLANG_WARN_SUSPICIOUS_MOVE = YES;
				CLANG_WARN_UNGUARDED_AVAILABILITY = YES_AGGRESSIVE;
				CLANG_WARN_UNREACHABLE_CODE = YES;
				CLANG_WARN__DUPLICATE_METHOD_MATCH = YES;
				COPY_PHASE_STRIP = NO;
				DEBUG_INFORMATION_FORMAT = dwarf;
				ENABLE_STRICT_OBJC_MSGSEND = YES;
				ENABLE_TESTABILITY = YES;
				GCC_C_LANGUAGE_STANDARD = gnu11;
				GCC_DYNAMIC_NO_PIC = NO;
				GCC_NO_COMMON_BLOCKS = YES;
				GCC_OPTIMIZATION_LEVEL = 0;
				GCC_PREPROCESSOR_DEFINITIONS = (
					"DEBUG=1",
					"$(inherited)",
				);
				GCC_WARN_64_TO_32_BIT_CONVERSION = YES;
				GCC_WARN_ABOUT_RETURN_TYPE = YES_ERROR;
				GCC_WARN_UNDECLARED_SELECTOR = YES;
				GCC_WARN_UNINITIALIZED_AUTOS = YES_AGGRESSIVE;
				GCC_WARN_UNUSED_FUNCTION = YES;
				GCC_WARN_UNUSED_VARIABLE = YES;
				IPHONEOS_DEPLOYMENT_TARGET = 13.0;
				MTL_ENABLE_DEBUG_INFO = INCLUDE_SOURCE;
				MTL_FAST_MATH = YES;
				ONLY_ACTIVE_ARCH = YES;
				SDKROOT = iphoneos;
			};
			name = Debug;
		};
		8C472033237995FF00980052 /* Release */ = {
			isa = XCBuildConfiguration;
			buildSettings = {
				ALWAYS_SEARCH_USER_PATHS = NO;
				CLANG_ANALYZER_NONNULL = YES;
				CLANG_ANALYZER_NUMBER_OBJECT_CONVERSION = YES_AGGRESSIVE;
				CLANG_CXX_LANGUAGE_STANDARD = "gnu++14";
				CLANG_CXX_LIBRARY = "libc++";
				CLANG_ENABLE_MODULES = YES;
				CLANG_ENABLE_OBJC_ARC = YES;
				CLANG_ENABLE_OBJC_WEAK = YES;
				CLANG_WARN_BLOCK_CAPTURE_AUTORELEASING = YES;
				CLANG_WARN_BOOL_CONVERSION = YES;
				CLANG_WARN_COMMA = YES;
				CLANG_WARN_CONSTANT_CONVERSION = YES;
				CLANG_WARN_DEPRECATED_OBJC_IMPLEMENTATIONS = YES;
				CLANG_WARN_DIRECT_OBJC_ISA_USAGE = YES_ERROR;
				CLANG_WARN_DOCUMENTATION_COMMENTS = YES;
				CLANG_WARN_EMPTY_BODY = YES;
				CLANG_WARN_ENUM_CONVERSION = YES;
				CLANG_WARN_INFINITE_RECURSION = YES;
				CLANG_WARN_INT_CONVERSION = YES;
				CLANG_WARN_NON_LITERAL_NULL_CONVERSION = YES;
				CLANG_WARN_OBJC_IMPLICIT_RETAIN_SELF = YES;
				CLANG_WARN_OBJC_LITERAL_CONVERSION = YES;
				CLANG_WARN_OBJC_ROOT_CLASS = YES_ERROR;
				CLANG_WARN_RANGE_LOOP_ANALYSIS = YES;
				CLANG_WARN_STRICT_PROTOTYPES = YES;
				CLANG_WARN_SUSPICIOUS_MOVE = YES;
				CLANG_WARN_UNGUARDED_AVAILABILITY = YES_AGGRESSIVE;
				CLANG_WARN_UNREACHABLE_CODE = YES;
				CLANG_WARN__DUPLICATE_METHOD_MATCH = YES;
				COPY_PHASE_STRIP = NO;
				DEBUG_INFORMATION_FORMAT = "dwarf-with-dsym";
				ENABLE_NS_ASSERTIONS = NO;
				ENABLE_STRICT_OBJC_MSGSEND = YES;
				GCC_C_LANGUAGE_STANDARD = gnu11;
				GCC_NO_COMMON_BLOCKS = YES;
				GCC_WARN_64_TO_32_BIT_CONVERSION = YES;
				GCC_WARN_ABOUT_RETURN_TYPE = YES_ERROR;
				GCC_WARN_UNDECLARED_SELECTOR = YES;
				GCC_WARN_UNINITIALIZED_AUTOS = YES_AGGRESSIVE;
				GCC_WARN_UNUSED_FUNCTION = YES;
				GCC_WARN_UNUSED_VARIABLE = YES;
				IPHONEOS_DEPLOYMENT_TARGET = 13.0;
				MTL_ENABLE_DEBUG_INFO = NO;
				MTL_FAST_MATH = YES;
				SDKROOT = iphoneos;
				VALIDATE_PRODUCT = YES;
			};
			name = Release;
		};
		8C472035237995FF00980052 /* Debug */ = {
			isa = XCBuildConfiguration;
			buildSettings = {
				ASSETCATALOG_COMPILER_APPICON_NAME = AppIcon;
				CODE_SIGN_STYLE = Automatic;
				DEVELOPMENT_TEAM = 82HALYV6X2;
				INFOPLIST_FILE = CategoryDemo/Info.plist;
				LD_RUNPATH_SEARCH_PATHS = (
					"$(inherited)",
					"@executable_path/Frameworks",
				);
				PRODUCT_BUNDLE_IDENTIFIER = Github.CategoryDemo;
				PRODUCT_NAME = "$(TARGET_NAME)";
				TARGETED_DEVICE_FAMILY = "1,2";
			};
			name = Debug;
		};
		8C472036237995FF00980052 /* Release */ = {
			isa = XCBuildConfiguration;
			buildSettings = {
				ASSETCATALOG_COMPILER_APPICON_NAME = AppIcon;
				CODE_SIGN_STYLE = Automatic;
				DEVELOPMENT_TEAM = 82HALYV6X2;
				INFOPLIST_FILE = CategoryDemo/Info.plist;
				LD_RUNPATH_SEARCH_PATHS = (
					"$(inherited)",
					"@executable_path/Frameworks",
				);
				PRODUCT_BUNDLE_IDENTIFIER = Github.CategoryDemo;
				PRODUCT_NAME = "$(TARGET_NAME)";
				TARGETED_DEVICE_FAMILY = "1,2";
			};
			name = Release;
		};
		8C472038237995FF00980052 /* Debug */ = {
			isa = XCBuildConfiguration;
			buildSettings = {
				BUNDLE_LOADER = "$(TEST_HOST)";
				CODE_SIGN_STYLE = Automatic;
				DEVELOPMENT_TEAM = 82HALYV6X2;
				INFOPLIST_FILE = CategoryDemoTests/Info.plist;
				IPHONEOS_DEPLOYMENT_TARGET = 13.1;
				LD_RUNPATH_SEARCH_PATHS = (
					"$(inherited)",
					"@executable_path/Frameworks",
					"@loader_path/Frameworks",
				);
				PRODUCT_BUNDLE_IDENTIFIER = Github.CategoryDemoTests;
				PRODUCT_NAME = "$(TARGET_NAME)";
				TARGETED_DEVICE_FAMILY = "1,2";
				TEST_HOST = "$(BUILT_PRODUCTS_DIR)/CategoryDemo.app/CategoryDemo";
			};
			name = Debug;
		};
		8C472039237995FF00980052 /* Release */ = {
			isa = XCBuildConfiguration;
			buildSettings = {
				BUNDLE_LOADER = "$(TEST_HOST)";
				CODE_SIGN_STYLE = Automatic;
				DEVELOPMENT_TEAM = 82HALYV6X2;
				INFOPLIST_FILE = CategoryDemoTests/Info.plist;
				IPHONEOS_DEPLOYMENT_TARGET = 13.1;
				LD_RUNPATH_SEARCH_PATHS = (
					"$(inherited)",
					"@executable_path/Frameworks",
					"@loader_path/Frameworks",
				);
				PRODUCT_BUNDLE_IDENTIFIER = Github.CategoryDemoTests;
				PRODUCT_NAME = "$(TARGET_NAME)";
				TARGETED_DEVICE_FAMILY = "1,2";
				TEST_HOST = "$(BUILT_PRODUCTS_DIR)/CategoryDemo.app/CategoryDemo";
			};
			name = Release;
		};
		8C47203B237995FF00980052 /* Debug */ = {
			isa = XCBuildConfiguration;
			buildSettings = {
				CODE_SIGN_STYLE = Automatic;
				DEVELOPMENT_TEAM = 82HALYV6X2;
				INFOPLIST_FILE = CategoryDemoUITests/Info.plist;
				LD_RUNPATH_SEARCH_PATHS = (
					"$(inherited)",
					"@executable_path/Frameworks",
					"@loader_path/Frameworks",
				);
				PRODUCT_BUNDLE_IDENTIFIER = Github.CategoryDemoUITests;
				PRODUCT_NAME = "$(TARGET_NAME)";
				TARGETED_DEVICE_FAMILY = "1,2";
				TEST_TARGET_NAME = CategoryDemo;
			};
			name = Debug;
		};
		8C47203C237995FF00980052 /* Release */ = {
			isa = XCBuildConfiguration;
			buildSettings = {
				CODE_SIGN_STYLE = Automatic;
				DEVELOPMENT_TEAM = 82HALYV6X2;
				INFOPLIST_FILE = CategoryDemoUITests/Info.plist;
				LD_RUNPATH_SEARCH_PATHS = (
					"$(inherited)",
					"@executable_path/Frameworks",
					"@loader_path/Frameworks",
				);
				PRODUCT_BUNDLE_IDENTIFIER = Github.CategoryDemoUITests;
				PRODUCT_NAME = "$(TARGET_NAME)";
				TARGETED_DEVICE_FAMILY = "1,2";
				TEST_TARGET_NAME = CategoryDemo;
			};
			name = Release;
		};
/* End XCBuildConfiguration section */

/* Begin XCConfigurationList section */
		8C472000237995FD00980052 /* Build configuration list for PBXProject "CategoryDemo" */ = {
			isa = XCConfigurationList;
			buildConfigurations = (
				8C472032237995FF00980052 /* Debug */,
				8C472033237995FF00980052 /* Release */,
			);
			defaultConfigurationIsVisible = 0;
			defaultConfigurationName = Release;
		};
		8C472034237995FF00980052 /* Build configuration list for PBXNativeTarget "CategoryDemo" */ = {
			isa = XCConfigurationList;
			buildConfigurations = (
				8C472035237995FF00980052 /* Debug */,
				8C472036237995FF00980052 /* Release */,
			);
			defaultConfigurationIsVisible = 0;
			defaultConfigurationName = Release;
		};
		8C472037237995FF00980052 /* Build configuration list for PBXNativeTarget "CategoryDemoTests" */ = {
			isa = XCConfigurationList;
			buildConfigurations = (
				8C472038237995FF00980052 /* Debug */,
				8C472039237995FF00980052 /* Release */,
			);
			defaultConfigurationIsVisible = 0;
			defaultConfigurationName = Release;
		};
		8C47203A237995FF00980052 /* Build configuration list for PBXNativeTarget "CategoryDemoUITests" */ = {
			isa = XCConfigurationList;
			buildConfigurations = (
				8C47203B237995FF00980052 /* Debug */,
				8C47203C237995FF00980052 /* Release */,
			);
			defaultConfigurationIsVisible = 0;
			defaultConfigurationName = Release;
		};
/* End XCConfigurationList section */
	};
	rootObject = 8C471FFD237995FD00980052 /* Project object */;
}
