PODS:
  - JXCategoryView (1.6.1)
  - JXPagingView/Pager (2.1.2)
  - LookinServer (1.2.3):
    - LookinServer/Core (= 1.2.3)
  - LookinServer/Core (1.2.3)
  - Masonry (1.1.0)
  - YYCategories (1.0.4):
    - YYCategories/no-arc (= 1.0.4)
  - YYCategories/no-arc (1.0.4)

DEPENDENCIES:
  - JXCategoryView
  - JXPagingView/Pager (= 2.1.2)
  - LookinServer
  - Masonry
  - YYCategories (from `https://github.com/Jentlezhi/YYCategories.git`)

SPEC REPOS:
  trunk:
    - JXCategoryView
    - JXPagingView
    - LookinServer
    - Masonry

EXTERNAL SOURCES:
  YYCategories:
    :git: https://github.com/Jentlezhi/YYCategories.git

CHECKOUT OPTIONS:
  YYCategories:
    :commit: 5e2a7a6288e6eb30bbf2400b31e88d65a24cf0f4
    :git: https://github.com/Jentlezhi/YYCategories.git

SPEC CHECKSUMS:
  JXCategoryView: 7b1ee69ede4843c581688afe84d0f047723262f2
  JXPagingView: 90924b364a2ff7e94db534fad1fa50925ff69ee4
  LookinServer: 535f5d1ffd5823a3b0abaf97ba5c4108bd8cb5ea
  Masonry: 678fab65091a9290e40e2832a55e7ab731aad201
  YYCategories: 6bcd4314c6661a561410dce4a793379ebd306abd

PODFILE CHECKSUM: cdf1af86c1f75928fb5761939710d27b98a5ccb3

COCOAPODS: 1.12.1
